
Microsoft Visual Studio Solution File, Format Version 12.00
# Visual Studio Version 16
VisualStudioVersion = 16.0.29609.76
MinimumVisualStudioVersion = 10.0.40219.1
Project("{FAE04EC0-301F-11D3-BF4B-00C04F79EFBC}") = "HW_1_06-02-2021", "HW_1_06-02-2021\HW_1_06-02-2021.csproj", "{8037E922-8159-48FA-BECD-0149DE1E8398}"
EndProject
Global
	GlobalSection(SolutionConfigurationPlatforms) = preSolution
		Debug|Any CPU = Debug|Any CPU
		Release|Any CPU = Release|Any CPU
	EndGlobalSection
	GlobalSection(ProjectConfigurationPlatforms) = postSolution
		{8037E922-8159-48FA-BECD-0149DE1E8398}.Debug|Any CPU.ActiveCfg = Debug|Any CPU
		{8037E922-8159-48FA-BECD-0149DE1E8398}.Debug|Any CPU.Build.0 = Debug|Any CPU
		{8037E922-8159-48FA-BECD-0149DE1E8398}.Release|Any CPU.ActiveCfg = Release|Any CPU
		{8037E922-8159-48FA-BECD-0149DE1E8398}.Release|Any CPU.Build.0 = Release|Any CPU
	EndGlobalSection
	GlobalSection(SolutionProperties) = preSolution
		HideSolutionNode = FALSE
	EndGlobalSection
	GlobalSection(ExtensibilityGlobals) = postSolution
		SolutionGuid = {501D4E7B-1FCC-4492-92BC-35C8854DE1EA}
	EndGlobalSection
EndGlobal
